Microsoft Visual Studio Solution File, Format Version 12.00
# Visual Studio Version 17
VisualStudioVersion = 17.5.2.0
MinimumVisualStudioVersion = 10.0.40219.1
Project("{FAE04EC0-301F-11D3-BF4B-00C04F79EFBC}") = "SimpleSingleplayerRespawn", "SimpleSingleplayerRespawn.csproj", "{197A89F4-4922-93A5-56CC-0ACBB5410DAC}"
EndProject
Global
	GlobalSection(SolutionConfigurationPlatforms) = preSolution
		Debug|Any CPU = Debug|Any CPU
		Release|Any CPU = Release|Any CPU
	EndGlobalSection
	GlobalSection(ProjectConfigurationPlatforms) = postSolution
		{197A89F4-4922-93A5-56CC-0ACBB5410DAC}.Debug|Any CPU.ActiveCfg = Debug|Any CPU
		{197A89F4-4922-93A5-56CC-0ACBB5410DAC}.Debug|Any CPU.Build.0 = Debug|Any CPU
		{197A89F4-4922-93A5-56CC-0ACBB5410DAC}.Release|Any CPU.ActiveCfg = Release|Any CPU
		{197A89F4-4922-93A5-56CC-0ACBB5410DAC}.Release|Any CPU.Build.0 = Release|Any CPU
	EndGlobalSection
	GlobalSection(SolutionProperties) = preSolution
		HideSolutionNode = FALSE
	EndGlobalSection
	GlobalSection(ExtensibilityGlobals) = postSolution
		SolutionGuid = {FA6AA7DD-B0B5-422E-AF5F-7EAA4BBD753C}
	EndGlobalSection
EndGlobal
